
Microsoft Visual Studio Solution File, Format Version 12.00
# Visual Studio Version 16
VisualStudioVersion = 16.0.30517.126
MinimumVisualStudioVersion = 10.0.40219.1
Project("{FAE04EC0-301F-11D3-BF4B-00C04F79EFBC}") = "API_WebAssignment1", "API_WebAssignment1\API_WebAssignment1.csproj", "{D25E21A3-F975-4CA5-822A-CD36B0DF0927}"
EndProject
Global
	GlobalSection(SolutionConfigurationPlatforms) = preSolution
		Debug|Any CPU = Debug|Any CPU
		Release|Any CPU = Release|Any CPU
	EndGlobalSection
	GlobalSection(ProjectConfigurationPlatforms) = postSolution
		{D25E21A3-F975-4CA5-822A-CD36B0DF0927}.Debug|Any CPU.ActiveCfg = Debug|Any CPU
		{D25E21A3-F975-4CA5-822A-CD36B0DF0927}.Debug|Any CPU.Build.0 = Debug|Any CPU
		{D25E21A3-F975-4CA5-822A-CD36B0DF0927}.Release|Any CPU.ActiveCfg = Release|Any CPU
		{D25E21A3-F975-4CA5-822A-CD36B0DF0927}.Release|Any CPU.Build.0 = Release|Any CPU
	EndGlobalSection
	GlobalSection(SolutionProperties) = preSolution
		HideSolutionNode = FALSE
	EndGlobalSection
	GlobalSection(ExtensibilityGlobals) = postSolution
		SolutionGuid = {B2F4F986-C45E-4650-9A6D-DE83C3C6018A}
	EndGlobalSection
EndGlobal
